
Microsoft Visual Studio Solution File, Format Version 12.00
# Visual Studio Version 17
VisualStudioVersion = 17.10.35004.147
MinimumVisualStudioVersion = 10.0.40219.1
Project("{FAE04EC0-301F-11D3-BF4B-00C04F79EFBC}") = "Api.Microservice.Cupon", "Api.Microservice.Cupon\Api.Microservice.Cupon.csproj", "{80DB9D01-E6EA-4BAD-A786-44935B45ED09}"
EndProject
Global
	GlobalSection(SolutionConfigurationPlatforms) = preSolution
		Debug|Any CPU = Debug|Any CPU
		Release|Any CPU = Release|Any CPU
	EndGlobalSection
	GlobalSection(ProjectConfigurationPlatforms) = postSolution
		{80DB9D01-E6EA-4BAD-A786-44935B45ED09}.Debug|Any CPU.ActiveCfg = Debug|Any CPU
		{80DB9D01-E6EA-4BAD-A786-44935B45ED09}.Debug|Any CPU.Build.0 = Debug|Any CPU
		{80DB9D01-E6EA-4BAD-A786-44935B45ED09}.Release|Any CPU.ActiveCfg = Release|Any CPU
		{80DB9D01-E6EA-4BAD-A786-44935B45ED09}.Release|Any CPU.Build.0 = Release|Any CPU
	EndGlobalSection
	GlobalSection(SolutionProperties) = preSolution
		HideSolutionNode = FALSE
	EndGlobalSection
	GlobalSection(ExtensibilityGlobals) = postSolution
		SolutionGuid = {BF590C85-0E89-493D-9D0D-DB90A2842DCD}
	EndGlobalSection
EndGlobal
